
Microsoft Visual Studio Solution File, Format Version 12.00
# Visual Studio Version 17
VisualStudioVersion = 17.2.32630.192
MinimumVisualStudioVersion = 10.0.40219.1
Project("{FAE04EC0-301F-11D3-BF4B-00C04F79EFBC}") = "ControleDeContatos", "ControleDeContatos\ControleDeContatos.csproj", "{DE83C417-ABF6-49E3-AC4F-5E90EE59EA06}"
EndProject
Global
	GlobalSection(SolutionConfigurationPlatforms) = preSolution
		Debug|Any CPU = Debug|Any CPU
		Release|Any CPU = Release|Any CPU
	EndGlobalSection
	GlobalSection(ProjectConfigurationPlatforms) = postSolution
		{DE83C417-ABF6-49E3-AC4F-5E90EE59EA06}.Debug|Any CPU.ActiveCfg = Debug|Any CPU
		{DE83C417-ABF6-49E3-AC4F-5E90EE59EA06}.Debug|Any CPU.Build.0 = Debug|Any CPU
		{DE83C417-ABF6-49E3-AC4F-5E90EE59EA06}.Release|Any CPU.ActiveCfg = Release|Any CPU
		{DE83C417-ABF6-49E3-AC4F-5E90EE59EA06}.Release|Any CPU.Build.0 = Release|Any CPU
	EndGlobalSection
	GlobalSection(SolutionProperties) = preSolution
		HideSolutionNode = FALSE
	EndGlobalSection
	GlobalSection(ExtensibilityGlobals) = postSolution
		SolutionGuid = {0D06AF9A-4054-4F6F-8533-C2B58EDB78A9}
	EndGlobalSection
EndGlobal
